
Microsoft Visual Studio Solution File, Format Version 12.00
# Visual Studio Version 16
VisualStudioVersion = 16.0.29403.142
MinimumVisualStudioVersion = 10.0.40219.1
Project("{FAE04EC0-301F-11D3-BF4B-00C04F79EFBC}") = "CognexTest", "CognexTest.csproj", "{2846D0B3-809F-48CE-962F-1CDD78743EC3}"
EndProject
Global
	GlobalSection(SolutionConfigurationPlatforms) = preSolution
		Debug|Any CPU = Debug|Any CPU
		Release|Any CPU = Release|Any CPU
	EndGlobalSection
	GlobalSection(ProjectConfigurationPlatforms) = postSolution
		{2846D0B3-809F-48CE-962F-1CDD78743EC3}.Debug|Any CPU.ActiveCfg = Debug|Any CPU
		{2846D0B3-809F-48CE-962F-1CDD78743EC3}.Debug|Any CPU.Build.0 = Debug|Any CPU
		{2846D0B3-809F-48CE-962F-1CDD78743EC3}.Release|Any CPU.ActiveCfg = Release|Any CPU
		{2846D0B3-809F-48CE-962F-1CDD78743EC3}.Release|Any CPU.Build.0 = Release|Any CPU
	EndGlobalSection
	GlobalSection(SolutionProperties) = preSolution
		HideSolutionNode = FALSE
	EndGlobalSection
	GlobalSection(ExtensibilityGlobals) = postSolution
		SolutionGuid = {C82259EE-4097-4093-9910-71F6E6586C4C}
	EndGlobalSection
EndGlobal
